// !$*UTF8*$!
{
	archiveVersion = 1;
	classes = {
	};
	objectVersion = 56;
	objects = {

/* Begin PBXBuildFile section */
		0F5B200373AD05467CAFD86D /* SearchPhotosUseCaseProtocolMock.generated.swift in Sources */ = {isa = PBXBuildFile; fileRef = 77C0F6D439E89539F6867664 /* SearchPhotosUseCaseProtocolMock.generated.swift */; };
		44D38E0EC32489EC4350C3C6 /* DetailedPhotoUseCaseProtocolMock.generated.swift in Sources */ = {isa = PBXBuildFile; fileRef = 138AC494B2FE041F62DB8DD5 /* DetailedPhotoUseCaseProtocolMock.generated.swift */; };
		47D7FFAC171FFCADE5DDB214 /* EndpointProtocolMock.generated.swift in Sources */ = {isa = PBXBuildFile; fileRef = F77C4D632F81C21E0BC21374 /* EndpointProtocolMock.generated.swift */; };
		90858AC4AEF66684BA6B4822 /* JSONDecoderProtocolMock.swift in Sources */ = {isa = PBXBuildFile; fileRef = E8EDD207ED331F17E97F5AB6 /* JSONDecoderProtocolMock.swift */; };
		9E41200CA50964AC41D3FFCE /* APIClientProtocolMock.swift in Sources */ = {isa = PBXBuildFile; fileRef = A9E902DB9D072A44E64683B1 /* APIClientProtocolMock.swift */; };
		BA0934B490CF48B9CF3B2FA3 /* PhotoRepositoryProtocolMock.generated.swift in Sources */ = {isa = PBXBuildFile; fileRef = 350C95490FCF059126452BC6 /* PhotoRepositoryProtocolMock.generated.swift */; };
		D52C4CCA39AFE57E03D56868 /* LatestPhotosUseCaseProtocolMock.generated.swift in Sources */ = {isa = PBXBuildFile; fileRef = 9611A904094FB856D5E2BC5D /* LatestPhotosUseCaseProtocolMock.generated.swift */; };
		E46D29FF2BBD61AD00D44C16 /* NetworkError.swift in Sources */ = {isa = PBXBuildFile; fileRef = E46D29FE2BBD61AD00D44C16 /* NetworkError.swift */; };
		E46D2A012BBD61C100D44C16 /* NetworkError+HTTPStatusCode.swift in Sources */ = {isa = PBXBuildFile; fileRef = E46D2A002BBD61C100D44C16 /* NetworkError+HTTPStatusCode.swift */; };
		E46D2A032BBD61C700D44C16 /* Error+Connection.swift in Sources */ = {isa = PBXBuildFile; fileRef = E46D2A022BBD61C700D44C16 /* Error+Connection.swift */; };
		E46D2A052BBD61CD00D44C16 /* APIClientProtocol.swift in Sources */ = {isa = PBXBuildFile; fileRef = E46D2A042BBD61CD00D44C16 /* APIClientProtocol.swift */; };
		E46D2A072BBD626A00D44C16 /* Endpoint.swift in Sources */ = {isa = PBXBuildFile; fileRef = E46D2A062BBD626A00D44C16 /* Endpoint.swift */; };
		E46D2A092BBD628200D44C16 /* EndpointProtocol.swift in Sources */ = {isa = PBXBuildFile; fileRef = E46D2A082BBD628200D44C16 /* EndpointProtocol.swift */; };
		E46D2A0B2BBD632B00D44C16 /* APIClient.swift in Sources */ = {isa = PBXBuildFile; fileRef = E46D2A0A2BBD632B00D44C16 /* APIClient.swift */; };
		E46D2A0E2BBD640A00D44C16 /* Constants.swift in Sources */ = {isa = PBXBuildFile; fileRef = E46D2A0D2BBD640A00D44C16 /* Constants.swift */; };
		E46D2A102BBD64F400D44C16 /* PhotosEndpoint.swift in Sources */ = {isa = PBXBuildFile; fileRef = E46D2A0F2BBD64F400D44C16 /* PhotosEndpoint.swift */; };
		E46D2A122BBD65E900D44C16 /* QueryItems.swift in Sources */ = {isa = PBXBuildFile; fileRef = E46D2A112BBD65E900D44C16 /* QueryItems.swift */; };
		E46D2A142BBD673100D44C16 /* SearchEndpoint.swift in Sources */ = {isa = PBXBuildFile; fileRef = E46D2A132BBD673100D44C16 /* SearchEndpoint.swift */; };
		E46D2A192BBD6BE000D44C16 /* StatusResponse.swift in Sources */ = {isa = PBXBuildFile; fileRef = E46D2A182BBD6BE000D44C16 /* StatusResponse.swift */; };
		E46D2A1B2BBD6C3C00D44C16 /* JSONDecoder+Ext.swift in Sources */ = {isa = PBXBuildFile; fileRef = E46D2A1A2BBD6C3C00D44C16 /* JSONDecoder+Ext.swift */; };
		E46D2A202BBD7BF900D44C16 /* EndpointTests.swift in Sources */ = {isa = PBXBuildFile; fileRef = E46D2A1F2BBD7BF900D44C16 /* EndpointTests.swift */; };
		E46D2A222BBD7D1F00D44C16 /* APIClientTests.swift in Sources */ = {isa = PBXBuildFile; fileRef = E46D2A212BBD7D1F00D44C16 /* APIClientTests.swift */; };
		E46D2A252BBD7D7900D44C16 /* URLProtocolMock.swift in Sources */ = {isa = PBXBuildFile; fileRef = E46D2A242BBD7D7900D44C16 /* URLProtocolMock.swift */; };
		E46D2A272BBD84C800D44C16 /* JSONDecoderProtocol.swift in Sources */ = {isa = PBXBuildFile; fileRef = E46D2A262BBD84C800D44C16 /* JSONDecoderProtocol.swift */; };
		E46D2A2A2BBDB72A00D44C16 /* NetworkErrorTests.swift in Sources */ = {isa = PBXBuildFile; fileRef = E46D2A292BBDB72A00D44C16 /* NetworkErrorTests.swift */; };
		E46D2A2D2BBDB96E00D44C16 /* PhotosEndpointTests.swift in Sources */ = {isa = PBXBuildFile; fileRef = E46D2A2C2BBDB96E00D44C16 /* PhotosEndpointTests.swift */; };
		E46D2A2F2BBDBADA00D44C16 /* SearchEndpointTests.swift in Sources */ = {isa = PBXBuildFile; fileRef = E46D2A2E2BBDBADA00D44C16 /* SearchEndpointTests.swift */; };
		E4A1A35A2BBE058500726F1E /* Config.json in Resources */ = {isa = PBXBuildFile; fileRef = E4A1A3592BBE058500726F1E /* Config.json */; };
		E4ABDD862BBD5623004B8EF1 /* ImageQuestApp.swift in Sources */ = {isa = PBXBuildFile; fileRef = E4ABDD852BBD5623004B8EF1 /* ImageQuestApp.swift */; };
		E4ABDD882BBD5623004B8EF1 /* ContentView.swift in Sources */ = {isa = PBXBuildFile; fileRef = E4ABDD872BBD5623004B8EF1 /* ContentView.swift */; };
		E4ABDD8A2BBD5624004B8EF1 /* Assets.xcassets in Resources */ = {isa = PBXBuildFile; fileRef = E4ABDD892BBD5624004B8EF1 /* Assets.xcassets */; };
		E4ABDD8D2BBD5624004B8EF1 /* Preview Assets.xcassets in Resources */ = {isa = PBXBuildFile; fileRef = E4ABDD8C2BBD5624004B8EF1 /* Preview Assets.xcassets */; };
		E4ABDDA12BBD5625004B8EF1 /* ImageQuestUITests.swift in Sources */ = {isa = PBXBuildFile; fileRef = E4ABDDA02BBD5625004B8EF1 /* ImageQuestUITests.swift */; };
		E4ABDDA32BBD5625004B8EF1 /* ImageQuestUITestsLaunchTests.swift in Sources */ = {isa = PBXBuildFile; fileRef = E4ABDDA22BBD5625004B8EF1 /* ImageQuestUITestsLaunchTests.swift */; };
		E4F4E3182BBEA473009CD582 /* OrderBy.swift in Sources */ = {isa = PBXBuildFile; fileRef = E4F4E3172BBEA473009CD582 /* OrderBy.swift */; };
		E4F4E31E2BBEB5D1009CD582 /* PhotoRepositoryProtocol.swift in Sources */ = {isa = PBXBuildFile; fileRef = E4F4E31D2BBEB5D1009CD582 /* PhotoRepositoryProtocol.swift */; };
		E4F4E3212BBEB70C009CD582 /* Photo.swift in Sources */ = {isa = PBXBuildFile; fileRef = E4F4E3202BBEB70C009CD582 /* Photo.swift */; };
		E4F4E3232BBEC409009CD582 /* Photographer.swift in Sources */ = {isa = PBXBuildFile; fileRef = E4F4E3222BBEC409009CD582 /* Photographer.swift */; };
		E4F4E3272BBEC92D009CD582 /* LatestPhotosUseCase.swift in Sources */ = {isa = PBXBuildFile; fileRef = E4F4E3262BBEC92D009CD582 /* LatestPhotosUseCase.swift */; };
		E4F4E3292BBEC94E009CD582 /* SearchPhotosUseCase.swift in Sources */ = {isa = PBXBuildFile; fileRef = E4F4E3282BBEC94E009CD582 /* SearchPhotosUseCase.swift */; };
		E4F4E32B2BBEC980009CD582 /* DetailedPhotoUseCase.swift in Sources */ = {isa = PBXBuildFile; fileRef = E4F4E32A2BBEC980009CD582 /* DetailedPhotoUseCase.swift */; };
		E4F4E32E2BBECE3A009CD582 /* PhotoRepository.swift in Sources */ = {isa = PBXBuildFile; fileRef = E4F4E32D2BBECE3A009CD582 /* PhotoRepository.swift */; };
		E4F4E3322BBECEDE009CD582 /* PhotoResponseDTO.swift in Sources */ = {isa = PBXBuildFile; fileRef = E4F4E3312BBECEDE009CD582 /* PhotoResponseDTO.swift */; };
		E4F4E3342BBECF0A009CD582 /* PageableListResponseDTO.swift in Sources */ = {isa = PBXBuildFile; fileRef = E4F4E3332BBECF0A009CD582 /* PageableListResponseDTO.swift */; };
		E4F4E33C2BBF01BE009CD582 /* LatestPhotosUseCaseTests.swift in Sources */ = {isa = PBXBuildFile; fileRef = E4F4E33B2BBF01BE009CD582 /* LatestPhotosUseCaseTests.swift */; };
		E4F4E3412BBF0735009CD582 /* PhotoStub.swift in Sources */ = {isa = PBXBuildFile; fileRef = E4F4E3402BBF0735009CD582 /* PhotoStub.swift */; };
		E4F4E3432BBF0FFF009CD582 /* SearchPhotosUseCaseTests.swift in Sources */ = {isa = PBXBuildFile; fileRef = E4F4E3422BBF0FFF009CD582 /* SearchPhotosUseCaseTests.swift */; };
		E4F4E3452BBF11FB009CD582 /* DetailedPhotoUseCaseTests.swift in Sources */ = {isa = PBXBuildFile; fileRef = E4F4E3442BBF11FB009CD582 /* DetailedPhotoUseCaseTests.swift */; };
		E4F4E3472BBF13B3009CD582 /* PhotoRepositoryTests.swift in Sources */ = {isa = PBXBuildFile; fileRef = E4F4E3462BBF13B3009CD582 /* PhotoRepositoryTests.swift */; };
		E4F4E3492BBF1529009CD582 /* PhotoResponseDTOStub.swift in Sources */ = {isa = PBXBuildFile; fileRef = E4F4E3482BBF1529009CD582 /* PhotoResponseDTOStub.swift */; };
		E4F4E34B2BBF180E009CD582 /* PhotoPageableListDTOStub.swift in Sources */ = {isa = PBXBuildFile; fileRef = E4F4E34A2BBF180E009CD582 /* PhotoPageableListDTOStub.swift */; };
/* End PBXBuildFile section */

/* Begin PBXContainerItemProxy section */
		E4ABDD932BBD5625004B8EF1 /* PBXContainerItemProxy */ = {
			isa = PBXContainerItemProxy;
			containerPortal = E4ABDD7A2BBD5623004B8EF1 /* Project object */;
			proxyType = 1;
			remoteGlobalIDString = E4ABDD812BBD5623004B8EF1;
			remoteInfo = ImageQuest;
		};
		E4ABDD9D2BBD5625004B8EF1 /* PBXContainerItemProxy */ = {
			isa = PBXContainerItemProxy;
			containerPortal = E4ABDD7A2BBD5623004B8EF1 /* Project object */;
			proxyType = 1;
			remoteGlobalIDString = E4ABDD812BBD5623004B8EF1;
			remoteInfo = ImageQuest;
		};
/* End PBXContainerItemProxy section */

/* Begin PBXFileReference section */
		138AC494B2FE041F62DB8DD5 /* DetailedPhotoUseCaseProtocolMock.generated.swift */ = {isa = PBXFileReference; explicitFileType = sourcecode.swift; path = DetailedPhotoUseCaseProtocolMock.generated.swift; sourceTree = "<group>"; };
		350C95490FCF059126452BC6 /* PhotoRepositoryProtocolMock.generated.swift */ = {isa = PBXFileReference; explicitFileType = sourcecode.swift; path = PhotoRepositoryProtocolMock.generated.swift; sourceTree = "<group>"; };
		77C0F6D439E89539F6867664 /* SearchPhotosUseCaseProtocolMock.generated.swift */ = {isa = PBXFileReference; explicitFileType = sourcecode.swift; path = SearchPhotosUseCaseProtocolMock.generated.swift; sourceTree = "<group>"; };
		9611A904094FB856D5E2BC5D /* LatestPhotosUseCaseProtocolMock.generated.swift */ = {isa = PBXFileReference; explicitFileType = sourcecode.swift; path = LatestPhotosUseCaseProtocolMock.generated.swift; sourceTree = "<group>"; };
		A9E902DB9D072A44E64683B1 /* APIClientProtocolMock.swift */ = {isa = PBXFileReference; explicitFileType = sourcecode.swift; path = APIClientProtocolMock.swift; sourceTree = "<group>"; };
		E46D29FE2BBD61AD00D44C16 /* NetworkError.swift */ = {isa = PBXFileReference; fileEncoding = 4; lastKnownFileType = sourcecode.swift; path = NetworkError.swift; sourceTree = "<group>"; };
		E46D2A002BBD61C100D44C16 /* NetworkError+HTTPStatusCode.swift */ = {isa = PBXFileReference; fileEncoding = 4; lastKnownFileType = sourcecode.swift; path = "NetworkError+HTTPStatusCode.swift"; sourceTree = "<group>"; };
		E46D2A022BBD61C700D44C16 /* Error+Connection.swift */ = {isa = PBXFileReference; fileEncoding = 4; lastKnownFileType = sourcecode.swift; path = "Error+Connection.swift"; sourceTree = "<group>"; };
		E46D2A042BBD61CD00D44C16 /* APIClientProtocol.swift */ = {isa = PBXFileReference; fileEncoding = 4; lastKnownFileType = sourcecode.swift; path = APIClientProtocol.swift; sourceTree = "<group>"; };
		E46D2A062BBD626A00D44C16 /* Endpoint.swift */ = {isa = PBXFileReference; lastKnownFileType = sourcecode.swift; path = Endpoint.swift; sourceTree = "<group>"; };
		E46D2A082BBD628200D44C16 /* EndpointProtocol.swift */ = {isa = PBXFileReference; lastKnownFileType = sourcecode.swift; path = EndpointProtocol.swift; sourceTree = "<group>"; };
		E46D2A0A2BBD632B00D44C16 /* APIClient.swift */ = {isa = PBXFileReference; lastKnownFileType = sourcecode.swift; path = APIClient.swift; sourceTree = "<group>"; };
		E46D2A0D2BBD640A00D44C16 /* Constants.swift */ = {isa = PBXFileReference; lastKnownFileType = sourcecode.swift; path = Constants.swift; sourceTree = "<group>"; };
		E46D2A0F2BBD64F400D44C16 /* PhotosEndpoint.swift */ = {isa = PBXFileReference; lastKnownFileType = sourcecode.swift; path = PhotosEndpoint.swift; sourceTree = "<group>"; };
		E46D2A112BBD65E900D44C16 /* QueryItems.swift */ = {isa = PBXFileReference; lastKnownFileType = sourcecode.swift; path = QueryItems.swift; sourceTree = "<group>"; };
		E46D2A132BBD673100D44C16 /* SearchEndpoint.swift */ = {isa = PBXFileReference; lastKnownFileType = sourcecode.swift; path = SearchEndpoint.swift; sourceTree = "<group>"; };
		E46D2A182BBD6BE000D44C16 /* StatusResponse.swift */ = {isa = PBXFileReference; lastKnownFileType = sourcecode.swift; path = StatusResponse.swift; sourceTree = "<group>"; };
		E46D2A1A2BBD6C3C00D44C16 /* JSONDecoder+Ext.swift */ = {isa = PBXFileReference; lastKnownFileType = sourcecode.swift; path = "JSONDecoder+Ext.swift"; sourceTree = "<group>"; };
		E46D2A1F2BBD7BF900D44C16 /* EndpointTests.swift */ = {isa = PBXFileReference; lastKnownFileType = sourcecode.swift; path = EndpointTests.swift; sourceTree = "<group>"; };
		E46D2A212BBD7D1F00D44C16 /* APIClientTests.swift */ = {isa = PBXFileReference; lastKnownFileType = sourcecode.swift; path = APIClientTests.swift; sourceTree = "<group>"; };
		E46D2A242BBD7D7900D44C16 /* URLProtocolMock.swift */ = {isa = PBXFileReference; lastKnownFileType = sourcecode.swift; path = URLProtocolMock.swift; sourceTree = "<group>"; };
		E46D2A262BBD84C800D44C16 /* JSONDecoderProtocol.swift */ = {isa = PBXFileReference; lastKnownFileType = sourcecode.swift; path = JSONDecoderProtocol.swift; sourceTree = "<group>"; };
		E46D2A292BBDB72A00D44C16 /* NetworkErrorTests.swift */ = {isa = PBXFileReference; lastKnownFileType = sourcecode.swift; path = NetworkErrorTests.swift; sourceTree = "<group>"; };
		E46D2A2C2BBDB96E00D44C16 /* PhotosEndpointTests.swift */ = {isa = PBXFileReference; lastKnownFileType = sourcecode.swift; path = PhotosEndpointTests.swift; sourceTree = "<group>"; };
		E46D2A2E2BBDBADA00D44C16 /* SearchEndpointTests.swift */ = {isa = PBXFileReference; lastKnownFileType = sourcecode.swift; path = SearchEndpointTests.swift; sourceTree = "<group>"; };
		E4A1A3592BBE058500726F1E /* Config.json */ = {isa = PBXFileReference; fileEncoding = 4; lastKnownFileType = text.json; path = Config.json; sourceTree = "<group>"; };
		E4ABDD822BBD5623004B8EF1 /* ImageQuest.app */ = {isa = PBXFileReference; explicitFileType = wrapper.application; includeInIndex = 0; path = ImageQuest.app; sourceTree = BUILT_PRODUCTS_DIR; };
		E4ABDD852BBD5623004B8EF1 /* ImageQuestApp.swift */ = {isa = PBXFileReference; lastKnownFileType = sourcecode.swift; path = ImageQuestApp.swift; sourceTree = "<group>"; };
		E4ABDD872BBD5623004B8EF1 /* ContentView.swift */ = {isa = PBXFileReference; lastKnownFileType = sourcecode.swift; path = ContentView.swift; sourceTree = "<group>"; };
		E4ABDD892BBD5624004B8EF1 /* Assets.xcassets */ = {isa = PBXFileReference; lastKnownFileType = folder.assetcatalog; path = Assets.xcassets; sourceTree = "<group>"; };
		E4ABDD8C2BBD5624004B8EF1 /* Preview Assets.xcassets */ = {isa = PBXFileReference; lastKnownFileType = folder.assetcatalog; path = "Preview Assets.xcassets"; sourceTree = "<group>"; };
		E4ABDD922BBD5625004B8EF1 /* ImageQuestTests.xctest */ = {isa = PBXFileReference; explicitFileType = wrapper.cfbundle; includeInIndex = 0; path = ImageQuestTests.xctest; sourceTree = BUILT_PRODUCTS_DIR; };
		E4ABDD9C2BBD5625004B8EF1 /* ImageQuestUITests.xctest */ = {isa = PBXFileReference; explicitFileType = wrapper.cfbundle; includeInIndex = 0; path = ImageQuestUITests.xctest; sourceTree = BUILT_PRODUCTS_DIR; };
		E4ABDDA02BBD5625004B8EF1 /* ImageQuestUITests.swift */ = {isa = PBXFileReference; lastKnownFileType = sourcecode.swift; path = ImageQuestUITests.swift; sourceTree = "<group>"; };
		E4ABDDA22BBD5625004B8EF1 /* ImageQuestUITestsLaunchTests.swift */ = {isa = PBXFileReference; lastKnownFileType = sourcecode.swift; path = ImageQuestUITestsLaunchTests.swift; sourceTree = "<group>"; };
		E4F4E3172BBEA473009CD582 /* OrderBy.swift */ = {isa = PBXFileReference; lastKnownFileType = sourcecode.swift; path = OrderBy.swift; sourceTree = "<group>"; };
		E4F4E31D2BBEB5D1009CD582 /* PhotoRepositoryProtocol.swift */ = {isa = PBXFileReference; lastKnownFileType = sourcecode.swift; path = PhotoRepositoryProtocol.swift; sourceTree = "<group>"; };
		E4F4E3202BBEB70C009CD582 /* Photo.swift */ = {isa = PBXFileReference; lastKnownFileType = sourcecode.swift; path = Photo.swift; sourceTree = "<group>"; };
		E4F4E3222BBEC409009CD582 /* Photographer.swift */ = {isa = PBXFileReference; lastKnownFileType = sourcecode.swift; path = Photographer.swift; sourceTree = "<group>"; };
		E4F4E3262BBEC92D009CD582 /* LatestPhotosUseCase.swift */ = {isa = PBXFileReference; lastKnownFileType = sourcecode.swift; path = LatestPhotosUseCase.swift; sourceTree = "<group>"; };
		E4F4E3282BBEC94E009CD582 /* SearchPhotosUseCase.swift */ = {isa = PBXFileReference; lastKnownFileType = sourcecode.swift; path = SearchPhotosUseCase.swift; sourceTree = "<group>"; };
		E4F4E32A2BBEC980009CD582 /* DetailedPhotoUseCase.swift */ = {isa = PBXFileReference; lastKnownFileType = sourcecode.swift; path = DetailedPhotoUseCase.swift; sourceTree = "<group>"; };
		E4F4E32D2BBECE3A009CD582 /* PhotoRepository.swift */ = {isa = PBXFileReference; lastKnownFileType = sourcecode.swift; path = PhotoRepository.swift; sourceTree = "<group>"; };
		E4F4E3312BBECEDE009CD582 /* PhotoResponseDTO.swift */ = {isa = PBXFileReference; lastKnownFileType = sourcecode.swift; path = PhotoResponseDTO.swift; sourceTree = "<group>"; };
		E4F4E3332BBECF0A009CD582 /* PageableListResponseDTO.swift */ = {isa = PBXFileReference; lastKnownFileType = sourcecode.swift; path = PageableListResponseDTO.swift; sourceTree = "<group>"; };
		E4F4E33B2BBF01BE009CD582 /* LatestPhotosUseCaseTests.swift */ = {isa = PBXFileReference; lastKnownFileType = sourcecode.swift; path = LatestPhotosUseCaseTests.swift; sourceTree = "<group>"; };
		E4F4E3402BBF0735009CD582 /* PhotoStub.swift */ = {isa = PBXFileReference; lastKnownFileType = sourcecode.swift; path = PhotoStub.swift; sourceTree = "<group>"; };
		E4F4E3422BBF0FFF009CD582 /* SearchPhotosUseCaseTests.swift */ = {isa = PBXFileReference; lastKnownFileType = sourcecode.swift; path = SearchPhotosUseCaseTests.swift; sourceTree = "<group>"; };
		E4F4E3442BBF11FB009CD582 /* DetailedPhotoUseCaseTests.swift */ = {isa = PBXFileReference; lastKnownFileType = sourcecode.swift; path = DetailedPhotoUseCaseTests.swift; sourceTree = "<group>"; };
		E4F4E3462BBF13B3009CD582 /* PhotoRepositoryTests.swift */ = {isa = PBXFileReference; lastKnownFileType = sourcecode.swift; path = PhotoRepositoryTests.swift; sourceTree = "<group>"; };
		E4F4E3482BBF1529009CD582 /* PhotoResponseDTOStub.swift */ = {isa = PBXFileReference; lastKnownFileType = sourcecode.swift; path = PhotoResponseDTOStub.swift; sourceTree = "<group>"; };
		E4F4E34A2BBF180E009CD582 /* PhotoPageableListDTOStub.swift */ = {isa = PBXFileReference; lastKnownFileType = sourcecode.swift; path = PhotoPageableListDTOStub.swift; sourceTree = "<group>"; };
		E8EDD207ED331F17E97F5AB6 /* JSONDecoderProtocolMock.swift */ = {isa = PBXFileReference; explicitFileType = sourcecode.swift; path = JSONDecoderProtocolMock.swift; sourceTree = "<group>"; };
		F77C4D632F81C21E0BC21374 /* EndpointProtocolMock.generated.swift */ = {isa = PBXFileReference; explicitFileType = sourcecode.swift; path = EndpointProtocolMock.generated.swift; sourceTree = "<group>"; };
/* End PBXFileReference section */

/* Begin PBXFrameworksBuildPhase section */
		E4ABDD7F2BBD5623004B8EF1 /* Frameworks */ = {
			isa = PBXFrameworksBuildPhase;
			buildActionMask = 2147483647;
			files = (
			);
			runOnlyForDeploymentPostprocessing = 0;
		};
		E4ABDD8F2BBD5625004B8EF1 /* Frameworks */ = {
			isa = PBXFrameworksBuildPhase;
			buildActionMask = 2147483647;
			files = (
			);
			runOnlyForDeploymentPostprocessing = 0;
		};
		E4ABDD992BBD5625004B8EF1 /* Frameworks */ = {
			isa = PBXFrameworksBuildPhase;
			buildActionMask = 2147483647;
			files = (
			);
			runOnlyForDeploymentPostprocessing = 0;
		};
/* End PBXFrameworksBuildPhase section */

/* Begin PBXGroup section */
		6C50D8135AC4746EE0C25BD6 /* Sourcery */ = {
			isa = PBXGroup;
			children = (
				F77C4D632F81C21E0BC21374 /* EndpointProtocolMock.generated.swift */,
				350C95490FCF059126452BC6 /* PhotoRepositoryProtocolMock.generated.swift */,
				77C0F6D439E89539F6867664 /* SearchPhotosUseCaseProtocolMock.generated.swift */,
				138AC494B2FE041F62DB8DD5 /* DetailedPhotoUseCaseProtocolMock.generated.swift */,
				9611A904094FB856D5E2BC5D /* LatestPhotosUseCaseProtocolMock.generated.swift */,
			);
			path = Sourcery;
			sourceTree = "<group>";
		};
		E46D29FC2BBD611D00D44C16 /* Infrastructure */ = {
			isa = PBXGroup;
			children = (
				E46D29FD2BBD613200D44C16 /* Network */,
				E46D2A0D2BBD640A00D44C16 /* Constants.swift */,
			);
			path = Infrastructure;
			sourceTree = "<group>";
		};
		E46D29FD2BBD613200D44C16 /* Network */ = {
			isa = PBXGroup;
			children = (
				E46D2A082BBD628200D44C16 /* EndpointProtocol.swift */,
				E46D2A062BBD626A00D44C16 /* Endpoint.swift */,
				E46D2A042BBD61CD00D44C16 /* APIClientProtocol.swift */,
				E46D2A0A2BBD632B00D44C16 /* APIClient.swift */,
				E46D29FE2BBD61AD00D44C16 /* NetworkError.swift */,
				E46D2A182BBD6BE000D44C16 /* StatusResponse.swift */,
				E46D2A262BBD84C800D44C16 /* JSONDecoderProtocol.swift */,
				E46D2A0C2BBD63B400D44C16 /* Unsplash */,
				E46D2A172BBD69A600D44C16 /* Extensions */,
			);
			path = Network;
			sourceTree = "<group>";
		};
		E46D2A0C2BBD63B400D44C16 /* Unsplash */ = {
			isa = PBXGroup;
			children = (
				E46D2A0F2BBD64F400D44C16 /* PhotosEndpoint.swift */,
				E46D2A132BBD673100D44C16 /* SearchEndpoint.swift */,
				E46D2A112BBD65E900D44C16 /* QueryItems.swift */,
			);
			path = Unsplash;
			sourceTree = "<group>";
		};
		E46D2A172BBD69A600D44C16 /* Extensions */ = {
			isa = PBXGroup;
			children = (
				E46D2A002BBD61C100D44C16 /* NetworkError+HTTPStatusCode.swift */,
				E46D2A022BBD61C700D44C16 /* Error+Connection.swift */,
				E46D2A1A2BBD6C3C00D44C16 /* JSONDecoder+Ext.swift */,
			);
			path = Extensions;
			sourceTree = "<group>";
		};
		E46D2A1D2BBD7BA500D44C16 /* Infrastructure */ = {
			isa = PBXGroup;
			children = (
				E46D2A1E2BBD7BAF00D44C16 /* Network */,
			);
			path = Infrastructure;
			sourceTree = "<group>";
		};
		E46D2A1E2BBD7BAF00D44C16 /* Network */ = {
			isa = PBXGroup;
			children = (
				E46D2A1F2BBD7BF900D44C16 /* EndpointTests.swift */,
				E46D2A212BBD7D1F00D44C16 /* APIClientTests.swift */,
				E46D2A292BBDB72A00D44C16 /* NetworkErrorTests.swift */,
				E46D2A2B2BBDB7F900D44C16 /* Unsplash */,
				E46D2A232BBD7D6500D44C16 /* Mocks */,
			);
			path = Network;
			sourceTree = "<group>";
		};
		E46D2A232BBD7D6500D44C16 /* Mocks */ = {
			isa = PBXGroup;
			children = (
				E46D2A242BBD7D7900D44C16 /* URLProtocolMock.swift */,
				A9E902DB9D072A44E64683B1 /* APIClientProtocolMock.swift */,
				E8EDD207ED331F17E97F5AB6 /* JSONDecoderProtocolMock.swift */,
			);
			path = Mocks;
			sourceTree = "<group>";
		};
		E46D2A2B2BBDB7F900D44C16 /* Unsplash */ = {
			isa = PBXGroup;
			children = (
				E46D2A2C2BBDB96E00D44C16 /* PhotosEndpointTests.swift */,
				E46D2A2E2BBDBADA00D44C16 /* SearchEndpointTests.swift */,
			);
			path = Unsplash;
			sourceTree = "<group>";
		};
		E4ABDD792BBD5623004B8EF1 = {
			isa = PBXGroup;
			children = (
				E4ABDD842BBD5623004B8EF1 /* ImageQuest */,
				E4ABDD952BBD5625004B8EF1 /* ImageQuestTests */,
				E4ABDD9F2BBD5625004B8EF1 /* ImageQuestUITests */,
				E4ABDD832BBD5623004B8EF1 /* Products */,
			);
			sourceTree = "<group>";
		};
		E4ABDD832BBD5623004B8EF1 /* Products */ = {
			isa = PBXGroup;
			children = (
				E4ABDD822BBD5623004B8EF1 /* ImageQuest.app */,
				E4ABDD922BBD5625004B8EF1 /* ImageQuestTests.xctest */,
				E4ABDD9C2BBD5625004B8EF1 /* ImageQuestUITests.xctest */,
			);
			name = Products;
			sourceTree = "<group>";
		};
		E4ABDD842BBD5623004B8EF1 /* ImageQuest */ = {
			isa = PBXGroup;
			children = (
				E4ABDD852BBD5623004B8EF1 /* ImageQuestApp.swift */,
				E4ABDD872BBD5623004B8EF1 /* ContentView.swift */,
				E4F4E31B2BBEB5A6009CD582 /* Domain */,
				E4F4E3242BBEC85C009CD582 /* Data */,
				E46D29FC2BBD611D00D44C16 /* Infrastructure */,
				E4F4E3162BBEA3C4009CD582 /* Common */,
				E4ABDD892BBD5624004B8EF1 /* Assets.xcassets */,
				E4A1A3592BBE058500726F1E /* Config.json */,
				E4ABDD8B2BBD5624004B8EF1 /* Preview Content */,
			);
			path = ImageQuest;
			sourceTree = "<group>";
		};
		E4ABDD8B2BBD5624004B8EF1 /* Preview Content */ = {
			isa = PBXGroup;
			children = (
				E4ABDD8C2BBD5624004B8EF1 /* Preview Assets.xcassets */,
			);
			path = "Preview Content";
			sourceTree = "<group>";
		};
		E4ABDD952BBD5625004B8EF1 /* ImageQuestTests */ = {
			isa = PBXGroup;
			children = (
				E4F4E3372BBF00B6009CD582 /* Domain */,
				E4F4E3362BBF00A8009CD582 /* Data */,
				E46D2A1D2BBD7BA500D44C16 /* Infrastructure */,
				E4F4E33D2BBF049A009CD582 /* Stubs */,
				6C50D8135AC4746EE0C25BD6 /* Sourcery */,
			);
			path = ImageQuestTests;
			sourceTree = "<group>";
		};
		E4ABDD9F2BBD5625004B8EF1 /* ImageQuestUITests */ = {
			isa = PBXGroup;
			children = (
				E4ABDDA02BBD5625004B8EF1 /* ImageQuestUITests.swift */,
				E4ABDDA22BBD5625004B8EF1 /* ImageQuestUITestsLaunchTests.swift */,
			);
			path = ImageQuestUITests;
			sourceTree = "<group>";
		};
		E4F4E3162BBEA3C4009CD582 /* Common */ = {
			isa = PBXGroup;
			children = (
				E4F4E3172BBEA473009CD582 /* OrderBy.swift */,
			);
			path = Common;
			sourceTree = "<group>";
		};
		E4F4E31B2BBEB5A6009CD582 /* Domain */ = {
			isa = PBXGroup;
			children = (
				E4F4E31C2BBEB5B1009CD582 /* Interface */,
				E4F4E31F2BBEB6F0009CD582 /* Entities */,
				E4F4E3252BBEC8BD009CD582 /* UseCases */,
			);
			path = Domain;
			sourceTree = "<group>";
		};
		E4F4E31C2BBEB5B1009CD582 /* Interface */ = {
			isa = PBXGroup;
			children = (
				E4F4E31D2BBEB5D1009CD582 /* PhotoRepositoryProtocol.swift */,
			);
			path = Interface;
			sourceTree = "<group>";
		};
		E4F4E31F2BBEB6F0009CD582 /* Entities */ = {
			isa = PBXGroup;
			children = (
				E4F4E3202BBEB70C009CD582 /* Photo.swift */,
				E4F4E3222BBEC409009CD582 /* Photographer.swift */,
			);
			path = Entities;
			sourceTree = "<group>";
		};
		E4F4E3242BBEC85C009CD582 /* Data */ = {
			isa = PBXGroup;
			children = (
				E4F4E32C2BBEC9AA009CD582 /* Repositories */,
				E4F4E32F2BBECEAA009CD582 /* Network */,
			);
			path = Data;
			sourceTree = "<group>";
		};
		E4F4E3252BBEC8BD009CD582 /* UseCases */ = {
			isa = PBXGroup;
			children = (
				E4F4E3262BBEC92D009CD582 /* LatestPhotosUseCase.swift */,
				E4F4E3282BBEC94E009CD582 /* SearchPhotosUseCase.swift */,
				E4F4E32A2BBEC980009CD582 /* DetailedPhotoUseCase.swift */,
			);
			path = UseCases;
			sourceTree = "<group>";
		};
		E4F4E32C2BBEC9AA009CD582 /* Repositories */ = {
			isa = PBXGroup;
			children = (
				E4F4E32D2BBECE3A009CD582 /* PhotoRepository.swift */,
			);
			path = Repositories;
			sourceTree = "<group>";
		};
		E4F4E32F2BBECEAA009CD582 /* Network */ = {
			isa = PBXGroup;
			children = (
				E4F4E3302BBECEBC009CD582 /* DataMapping */,
			);
			path = Network;
			sourceTree = "<group>";
		};
		E4F4E3302BBECEBC009CD582 /* DataMapping */ = {
			isa = PBXGroup;
			children = (
				E4F4E3312BBECEDE009CD582 /* PhotoResponseDTO.swift */,
				E4F4E3332BBECF0A009CD582 /* PageableListResponseDTO.swift */,
			);
			path = DataMapping;
			sourceTree = "<group>";
		};
		E4F4E3362BBF00A8009CD582 /* Data */ = {
			isa = PBXGroup;
			children = (
				E4F4E3392BBF00FA009CD582 /* Repositories */,
			);
			path = Data;
			sourceTree = "<group>";
		};
		E4F4E3372BBF00B6009CD582 /* Domain */ = {
			isa = PBXGroup;
			children = (
				E4F4E3382BBF00CB009CD582 /* UseCases */,
			);
			path = Domain;
			sourceTree = "<group>";
		};
		E4F4E3382BBF00CB009CD582 /* UseCases */ = {
			isa = PBXGroup;
			children = (
				E4F4E33B2BBF01BE009CD582 /* LatestPhotosUseCaseTests.swift */,
				E4F4E3422BBF0FFF009CD582 /* SearchPhotosUseCaseTests.swift */,
				E4F4E3442BBF11FB009CD582 /* DetailedPhotoUseCaseTests.swift */,
			);
			path = UseCases;
			sourceTree = "<group>";
		};
		E4F4E3392BBF00FA009CD582 /* Repositories */ = {
			isa = PBXGroup;
			children = (
				E4F4E3462BBF13B3009CD582 /* PhotoRepositoryTests.swift */,
			);
			path = Repositories;
			sourceTree = "<group>";
		};
		E4F4E33D2BBF049A009CD582 /* Stubs */ = {
			isa = PBXGroup;
			children = (
				E4F4E33E2BBF04A3009CD582 /* Entities */,
				E4F4E33F2BBF04B5009CD582 /* DataMapping */,
			);
			path = Stubs;
			sourceTree = "<group>";
		};
		E4F4E33E2BBF04A3009CD582 /* Entities */ = {
			isa = PBXGroup;
			children = (
				E4F4E3402BBF0735009CD582 /* PhotoStub.swift */,
			);
			path = Entities;
			sourceTree = "<group>";
		};
		E4F4E33F2BBF04B5009CD582 /* DataMapping */ = {
			isa = PBXGroup;
			children = (
				E4F4E3482BBF1529009CD582 /* PhotoResponseDTOStub.swift */,
				E4F4E34A2BBF180E009CD582 /* PhotoPageableListDTOStub.swift */,
			);
			path = DataMapping;
			sourceTree = "<group>";
		};
/* End PBXGroup section */

/* Begin PBXNativeTarget section */
		E4ABDD812BBD5623004B8EF1 /* ImageQuest */ = {
			isa = PBXNativeTarget;
			buildConfigurationList = E4ABDDA62BBD5625004B8EF1 /* Build configuration list for PBXNativeTarget "ImageQuest" */;
			buildPhases = (
				E4ABDD7E2BBD5623004B8EF1 /* Sources */,
				E4ABDD7F2BBD5623004B8EF1 /* Frameworks */,
				E4ABDD802BBD5623004B8EF1 /* Resources */,
				E46D2A1C2BBD79A900D44C16 /* Run Script (SwiftLint) */,
			);
			buildRules = (
			);
			dependencies = (
			);
			name = ImageQuest;
			productName = ImageQuest;
			productReference = E4ABDD822BBD5623004B8EF1 /* ImageQuest.app */;
			productType = "com.apple.product-type.application";
		};
		E4ABDD912BBD5625004B8EF1 /* ImageQuestTests */ = {
			isa = PBXNativeTarget;
			buildConfigurationList = E4ABDDA92BBD5625004B8EF1 /* Build configuration list for PBXNativeTarget "ImageQuestTests" */;
			buildPhases = (
				E4ABDD8E2BBD5625004B8EF1 /* Sources */,
				E4ABDD8F2BBD5625004B8EF1 /* Frameworks */,
				E4ABDD902BBD5625004B8EF1 /* Resources */,
			);
			buildRules = (
			);
			dependencies = (
				E4ABDD942BBD5625004B8EF1 /* PBXTargetDependency */,
			);
			name = ImageQuestTests;
			productName = ImageQuestTests;
			productReference = E4ABDD922BBD5625004B8EF1 /* ImageQuestTests.xctest */;
			productType = "com.apple.product-type.bundle.unit-test";
		};
		E4ABDD9B2BBD5625004B8EF1 /* ImageQuestUITests */ = {
			isa = PBXNativeTarget;
			buildConfigurationList = E4ABDDAC2BBD5625004B8EF1 /* Build configuration list for PBXNativeTarget "ImageQuestUITests" */;
			buildPhases = (
				E4ABDD982BBD5625004B8EF1 /* Sources */,
				E4ABDD992BBD5625004B8EF1 /* Frameworks */,
				E4ABDD9A2BBD5625004B8EF1 /* Resources */,
			);
			buildRules = (
			);
			dependencies = (
				E4ABDD9E2BBD5625004B8EF1 /* PBXTargetDependency */,
			);
			name = ImageQuestUITests;
			productName = ImageQuestUITests;
			productReference = E4ABDD9C2BBD5625004B8EF1 /* ImageQuestUITests.xctest */;
			productType = "com.apple.product-type.bundle.ui-testing";
		};
/* End PBXNativeTarget section */

/* Begin PBXProject section */
		E4ABDD7A2BBD5623004B8EF1 /* Project object */ = {
			isa = PBXProject;
			attributes = {
				BuildIndependentTargetsInParallel = 1;
				LastSwiftUpdateCheck = 1530;
				LastUpgradeCheck = 1530;
				TargetAttributes = {
					E4ABDD812BBD5623004B8EF1 = {
						CreatedOnToolsVersion = 15.3;
					};
					E4ABDD912BBD5625004B8EF1 = {
						CreatedOnToolsVersion = 15.3;
						TestTargetID = E4ABDD812BBD5623004B8EF1;
					};
					E4ABDD9B2BBD5625004B8EF1 = {
						CreatedOnToolsVersion = 15.3;
						TestTargetID = E4ABDD812BBD5623004B8EF1;
					};
				};
			};
			buildConfigurationList = E4ABDD7D2BBD5623004B8EF1 /* Build configuration list for PBXProject "ImageQuest" */;
			compatibilityVersion = "Xcode 14.0";
			developmentRegion = en;
			hasScannedForEncodings = 0;
			knownRegions = (
				en,
				Base,
			);
			mainGroup = E4ABDD792BBD5623004B8EF1;
			productRefGroup = E4ABDD832BBD5623004B8EF1 /* Products */;
			projectDirPath = "";
			projectRoot = "";
			targets = (
				E4ABDD812BBD5623004B8EF1 /* ImageQuest */,
				E4ABDD912BBD5625004B8EF1 /* ImageQuestTests */,
				E4ABDD9B2BBD5625004B8EF1 /* ImageQuestUITests */,
			);
		};
/* End PBXProject section */

/* Begin PBXResourcesBuildPhase section */
		E4ABDD802BBD5623004B8EF1 /* Resources */ = {
			isa = PBXResourcesBuildPhase;
			buildActionMask = 2147483647;
			files = (
				E4ABDD8D2BBD5624004B8EF1 /* Preview Assets.xcassets in Resources */,
				E4A1A35A2BBE058500726F1E /* Config.json in Resources */,
				E4ABDD8A2BBD5624004B8EF1 /* Assets.xcassets in Resources */,
			);
			runOnlyForDeploymentPostprocessing = 0;
		};
		E4ABDD902BBD5625004B8EF1 /* Resources */ = {
			isa = PBXResourcesBuildPhase;
			buildActionMask = 2147483647;
			files = (
			);
			runOnlyForDeploymentPostprocessing = 0;
		};
		E4ABDD9A2BBD5625004B8EF1 /* Resources */ = {
			isa = PBXResourcesBuildPhase;
			buildActionMask = 2147483647;
			files = (
			);
			runOnlyForDeploymentPostprocessing = 0;
		};
/* End PBXResourcesBuildPhase section */

/* Begin PBXShellScriptBuildPhase section */
		E46D2A1C2BBD79A900D44C16 /* Run Script (SwiftLint) */ = {
			isa = PBXShellScriptBuildPhase;
			alwaysOutOfDate = 1;
			buildActionMask = 2147483647;
			files = (
			);
			inputFileListPaths = (
			);
			inputPaths = (
			);
			name = "Run Script (SwiftLint)";
			outputFileListPaths = (
			);
			outputPaths = (
			);
			runOnlyForDeploymentPostprocessing = 0;
			shellPath = /bin/sh;
			shellScript = "export PATH=\"$PATH:/opt/homebrew/bin\"\nif which swiftlint > /dev/null; then\n  swiftlint\nelse\n  echo \"warning: SwiftLint not installed, download from https://github.com/realm/SwiftLint\"\nfi\n";
		};
/* End PBXShellScriptBuildPhase section */

/* Begin PBXSourcesBuildPhase section */
		E4ABDD7E2BBD5623004B8EF1 /* Sources */ = {
			isa = PBXSourcesBuildPhase;
			buildActionMask = 2147483647;
			files = (
				E46D2A142BBD673100D44C16 /* SearchEndpoint.swift in Sources */,
				E4F4E3322BBECEDE009CD582 /* PhotoResponseDTO.swift in Sources */,
				E46D2A102BBD64F400D44C16 /* PhotosEndpoint.swift in Sources */,
				E46D2A072BBD626A00D44C16 /* Endpoint.swift in Sources */,
				E46D2A192BBD6BE000D44C16 /* StatusResponse.swift in Sources */,
				E46D29FF2BBD61AD00D44C16 /* NetworkError.swift in Sources */,
				E4ABDD882BBD5623004B8EF1 /* ContentView.swift in Sources */,
				E46D2A012BBD61C100D44C16 /* NetworkError+HTTPStatusCode.swift in Sources */,
				E4F4E32B2BBEC980009CD582 /* DetailedPhotoUseCase.swift in Sources */,
				E46D2A122BBD65E900D44C16 /* QueryItems.swift in Sources */,
				E4F4E3272BBEC92D009CD582 /* LatestPhotosUseCase.swift in Sources */,
				E4F4E32E2BBECE3A009CD582 /* PhotoRepository.swift in Sources */,
				E46D2A092BBD628200D44C16 /* EndpointProtocol.swift in Sources */,
				E46D2A0E2BBD640A00D44C16 /* Constants.swift in Sources */,
				E4F4E31E2BBEB5D1009CD582 /* PhotoRepositoryProtocol.swift in Sources */,
				E4F4E3342BBECF0A009CD582 /* PageableListResponseDTO.swift in Sources */,
				E4ABDD862BBD5623004B8EF1 /* ImageQuestApp.swift in Sources */,
				E4F4E3232BBEC409009CD582 /* Photographer.swift in Sources */,
				E4F4E3212BBEB70C009CD582 /* Photo.swift in Sources */,
				E46D2A1B2BBD6C3C00D44C16 /* JSONDecoder+Ext.swift in Sources */,
				E46D2A032BBD61C700D44C16 /* Error+Connection.swift in Sources */,
				E46D2A272BBD84C800D44C16 /* JSONDecoderProtocol.swift in Sources */,
				E46D2A052BBD61CD00D44C16 /* APIClientProtocol.swift in Sources */,
				E46D2A0B2BBD632B00D44C16 /* APIClient.swift in Sources */,
				E4F4E3292BBEC94E009CD582 /* SearchPhotosUseCase.swift in Sources */,
				E4F4E3182BBEA473009CD582 /* OrderBy.swift in Sources */,
			);
			runOnlyForDeploymentPostprocessing = 0;
		};
		E4ABDD8E2BBD5625004B8EF1 /* Sources */ = {
			isa = PBXSourcesBuildPhase;
			buildActionMask = 2147483647;
			files = (
				E4F4E3472BBF13B3009CD582 /* PhotoRepositoryTests.swift in Sources */,
				E4F4E3432BBF0FFF009CD582 /* SearchPhotosUseCaseTests.swift in Sources */,
				E46D2A2F2BBDBADA00D44C16 /* SearchEndpointTests.swift in Sources */,
				E4F4E34B2BBF180E009CD582 /* PhotoPageableListDTOStub.swift in Sources */,
				E46D2A2D2BBDB96E00D44C16 /* PhotosEndpointTests.swift in Sources */,
				E4F4E3412BBF0735009CD582 /* PhotoStub.swift in Sources */,
				E46D2A222BBD7D1F00D44C16 /* APIClientTests.swift in Sources */,
				E46D2A202BBD7BF900D44C16 /* EndpointTests.swift in Sources */,
				E46D2A252BBD7D7900D44C16 /* URLProtocolMock.swift in Sources */,
				E4F4E3452BBF11FB009CD582 /* DetailedPhotoUseCaseTests.swift in Sources */,
				47D7FFAC171FFCADE5DDB214 /* EndpointProtocolMock.generated.swift in Sources */,
				E4F4E3492BBF1529009CD582 /* PhotoResponseDTOStub.swift in Sources */,
				90858AC4AEF66684BA6B4822 /* JSONDecoderProtocolMock.swift in Sources */,
				E46D2A2A2BBDB72A00D44C16 /* NetworkErrorTests.swift in Sources */,
				9E41200CA50964AC41D3FFCE /* APIClientProtocolMock.swift in Sources */,
				BA0934B490CF48B9CF3B2FA3 /* PhotoRepositoryProtocolMock.generated.swift in Sources */,
				0F5B200373AD05467CAFD86D /* SearchPhotosUseCaseProtocolMock.generated.swift in Sources */,
				E4F4E33C2BBF01BE009CD582 /* LatestPhotosUseCaseTests.swift in Sources */,
				44D38E0EC32489EC4350C3C6 /* DetailedPhotoUseCaseProtocolMock.generated.swift in Sources */,
				D52C4CCA39AFE57E03D56868 /* LatestPhotosUseCaseProtocolMock.generated.swift in Sources */,
			);
			runOnlyForDeploymentPostprocessing = 0;
		};
		E4ABDD982BBD5625004B8EF1 /* Sources */ = {
			isa = PBXSourcesBuildPhase;
			buildActionMask = 2147483647;
			files = (
				E4ABDDA12BBD5625004B8EF1 /* ImageQuestUITests.swift in Sources */,
				E4ABDDA32BBD5625004B8EF1 /* ImageQuestUITestsLaunchTests.swift in Sources */,
			);
			runOnlyForDeploymentPostprocessing = 0;
		};
/* End PBXSourcesBuildPhase section */

/* Begin PBXTargetDependency section */
		E4ABDD942BBD5625004B8EF1 /* PBXTargetDependency */ = {
			isa = PBXTargetDependency;
			target = E4ABDD812BBD5623004B8EF1 /* ImageQuest */;
			targetProxy = E4ABDD932BBD5625004B8EF1 /* PBXContainerItemProxy */;
		};
		E4ABDD9E2BBD5625004B8EF1 /* PBXTargetDependency */ = {
			isa = PBXTargetDependency;
			target = E4ABDD812BBD5623004B8EF1 /* ImageQuest */;
			targetProxy = E4ABDD9D2BBD5625004B8EF1 /* PBXContainerItemProxy */;
		};
/* End PBXTargetDependency section */

/* Begin XCBuildConfiguration section */
		E4ABDDA42BBD5625004B8EF1 /* Debug */ = {
			isa = XCBuildConfiguration;
			buildSettings = {
				ALWAYS_SEARCH_USER_PATHS = NO;
				ASSETCATALOG_COMPILER_GENERATE_SWIFT_ASSET_SYMBOL_EXTENSIONS = YES;
				CLANG_ANALYZER_NONNULL = YES;
				CLANG_ANALYZER_NUMBER_OBJECT_CONVERSION = YES_AGGRESSIVE;
				CLANG_CXX_LANGUAGE_STANDARD = "gnu++20";
				CLANG_ENABLE_MODULES = YES;
				CLANG_ENABLE_OBJC_ARC = YES;
				CLANG_ENABLE_OBJC_WEAK = YES;
				CLANG_WARN_BLOCK_CAPTURE_AUTORELEASING = YES;
				CLANG_WARN_BOOL_CONVERSION = YES;
				CLANG_WARN_COMMA = YES;
				CLANG_WARN_CONSTANT_CONVERSION = YES;
				CLANG_WARN_DEPRECATED_OBJC_IMPLEMENTATIONS = YES;
				CLANG_WARN_DIRECT_OBJC_ISA_USAGE = YES_ERROR;
				CLANG_WARN_DOCUMENTATION_COMMENTS = YES;
				CLANG_WARN_EMPTY_BODY = YES;
				CLANG_WARN_ENUM_CONVERSION = YES;
				CLANG_WARN_INFINITE_RECURSION = YES;
				CLANG_WARN_INT_CONVERSION = YES;
				CLANG_WARN_NON_LITERAL_NULL_CONVERSION = YES;
				CLANG_WARN_OBJC_IMPLICIT_RETAIN_SELF = YES;
				CLANG_WARN_OBJC_LITERAL_CONVERSION = YES;
				CLANG_WARN_OBJC_ROOT_CLASS = YES_ERROR;
				CLANG_WARN_QUOTED_INCLUDE_IN_FRAMEWORK_HEADER = YES;
				CLANG_WARN_RANGE_LOOP_ANALYSIS = YES;
				CLANG_WARN_STRICT_PROTOTYPES = YES;
				CLANG_WARN_SUSPICIOUS_MOVE = YES;
				CLANG_WARN_UNGUARDED_AVAILABILITY = YES_AGGRESSIVE;
				CLANG_WARN_UNREACHABLE_CODE = YES;
				CLANG_WARN__DUPLICATE_METHOD_MATCH = YES;
				COPY_PHASE_STRIP = NO;
				DEBUG_INFORMATION_FORMAT = dwarf;
				ENABLE_STRICT_OBJC_MSGSEND = YES;
				ENABLE_TESTABILITY = YES;
				ENABLE_USER_SCRIPT_SANDBOXING = YES;
				GCC_C_LANGUAGE_STANDARD = gnu17;
				GCC_DYNAMIC_NO_PIC = NO;
				GCC_NO_COMMON_BLOCKS = YES;
				GCC_OPTIMIZATION_LEVEL = 0;
				GCC_PREPROCESSOR_DEFINITIONS = (
					"DEBUG=1",
					"$(inherited)",
				);
				GCC_WARN_64_TO_32_BIT_CONVERSION = YES;
				GCC_WARN_ABOUT_RETURN_TYPE = YES_ERROR;
				GCC_WARN_UNDECLARED_SELECTOR = YES;
				GCC_WARN_UNINITIALIZED_AUTOS = YES_AGGRESSIVE;
				GCC_WARN_UNUSED_FUNCTION = YES;
				GCC_WARN_UNUSED_VARIABLE = YES;
				IPHONEOS_DEPLOYMENT_TARGET = 17.4;
				LOCALIZATION_PREFERS_STRING_CATALOGS = YES;
				MTL_ENABLE_DEBUG_INFO = INCLUDE_SOURCE;
				MTL_FAST_MATH = YES;
				ONLY_ACTIVE_ARCH = YES;
				SDKROOT = iphoneos;
				SWIFT_ACTIVE_COMPILATION_CONDITIONS = "DEBUG $(inherited)";
				SWIFT_OPTIMIZATION_LEVEL = "-Onone";
			};
			name = Debug;
		};
		E4ABDDA52BBD5625004B8EF1 /* Release */ = {
			isa = XCBuildConfiguration;
			buildSettings = {
				ALWAYS_SEARCH_USER_PATHS = NO;
				ASSETCATALOG_COMPILER_GENERATE_SWIFT_ASSET_SYMBOL_EXTENSIONS = YES;
				CLANG_ANALYZER_NONNULL = YES;
				CLANG_ANALYZER_NUMBER_OBJECT_CONVERSION = YES_AGGRESSIVE;
				CLANG_CXX_LANGUAGE_STANDARD = "gnu++20";
				CLANG_ENABLE_MODULES = YES;
				CLANG_ENABLE_OBJC_ARC = YES;
				CLANG_ENABLE_OBJC_WEAK = YES;
				CLANG_WARN_BLOCK_CAPTURE_AUTORELEASING = YES;
				CLANG_WARN_BOOL_CONVERSION = YES;
				CLANG_WARN_COMMA = YES;
				CLANG_WARN_CONSTANT_CONVERSION = YES;
				CLANG_WARN_DEPRECATED_OBJC_IMPLEMENTATIONS = YES;
				CLANG_WARN_DIRECT_OBJC_ISA_USAGE = YES_ERROR;
				CLANG_WARN_DOCUMENTATION_COMMENTS = YES;
				CLANG_WARN_EMPTY_BODY = YES;
				CLANG_WARN_ENUM_CONVERSION = YES;
				CLANG_WARN_INFINITE_RECURSION = YES;
				CLANG_WARN_INT_CONVERSION = YES;
				CLANG_WARN_NON_LITERAL_NULL_CONVERSION = YES;
				CLANG_WARN_OBJC_IMPLICIT_RETAIN_SELF = YES;
				CLANG_WARN_OBJC_LITERAL_CONVERSION = YES;
				CLANG_WARN_OBJC_ROOT_CLASS = YES_ERROR;
				CLANG_WARN_QUOTED_INCLUDE_IN_FRAMEWORK_HEADER = YES;
				CLANG_WARN_RANGE_LOOP_ANALYSIS = YES;
				CLANG_WARN_STRICT_PROTOTYPES = YES;
				CLANG_WARN_SUSPICIOUS_MOVE = YES;
				CLANG_WARN_UNGUARDED_AVAILABILITY = YES_AGGRESSIVE;
				CLANG_WARN_UNREACHABLE_CODE = YES;
				CLANG_WARN__DUPLICATE_METHOD_MATCH = YES;
				COPY_PHASE_STRIP = NO;
				DEBUG_INFORMATION_FORMAT = "dwarf-with-dsym";
				ENABLE_NS_ASSERTIONS = NO;
				ENABLE_STRICT_OBJC_MSGSEND = YES;
				ENABLE_USER_SCRIPT_SANDBOXING = YES;
				GCC_C_LANGUAGE_STANDARD = gnu17;
				GCC_NO_COMMON_BLOCKS = YES;
				GCC_WARN_64_TO_32_BIT_CONVERSION = YES;
				GCC_WARN_ABOUT_RETURN_TYPE = YES_ERROR;
				GCC_WARN_UNDECLARED_SELECTOR = YES;
				GCC_WARN_UNINITIALIZED_AUTOS = YES_AGGRESSIVE;
				GCC_WARN_UNUSED_FUNCTION = YES;
				GCC_WARN_UNUSED_VARIABLE = YES;
				IPHONEOS_DEPLOYMENT_TARGET = 17.4;
				LOCALIZATION_PREFERS_STRING_CATALOGS = YES;
				MTL_ENABLE_DEBUG_INFO = NO;
				MTL_FAST_MATH = YES;
				SDKROOT = iphoneos;
				SWIFT_COMPILATION_MODE = wholemodule;
				VALIDATE_PRODUCT = YES;
			};
			name = Release;
		};
		E4ABDDA72BBD5625004B8EF1 /* Debug */ = {
			isa = XCBuildConfiguration;
			buildSettings = {
				ASSETCATALOG_COMPILER_APPICON_NAME = AppIcon;
				ASSETCATALOG_COMPILER_GLOBAL_ACCENT_COLOR_NAME = AccentColor;
				CODE_SIGN_STYLE = Automatic;
				CURRENT_PROJECT_VERSION = 1;
				DEVELOPMENT_ASSET_PATHS = "\"ImageQuest/Preview Content\"";
				DEVELOPMENT_TEAM = SSZ659U5H9;
				ENABLE_PREVIEWS = YES;
				ENABLE_USER_SCRIPT_SANDBOXING = NO;
				GENERATE_INFOPLIST_FILE = YES;
				INFOPLIST_KEY_UIApplicationSceneManifest_Generation = YES;
				INFOPLIST_KEY_UIApplicationSupportsIndirectInputEvents = YES;
				INFOPLIST_KEY_UILaunchScreen_Generation = YES;
				INFOPLIST_KEY_UISupportedInterfaceOrientations_iPad = "UIInterfaceOrientationPortrait UIInterfaceOrientationPortraitUpsideDown UIInterfaceOrientationLandscapeLeft UIInterfaceOrientationLandscapeRight";
				INFOPLIST_KEY_UISupportedInterfaceOrientations_iPhone = "UIInterfaceOrientationPortrait UIInterfaceOrientationLandscapeLeft UIInterfaceOrientationLandscapeRight";
				LD_RUNPATH_SEARCH_PATHS = (
					"$(inherited)",
					"@executable_path/Frameworks",
				);
				MARKETING_VERSION = 1.0;
				PRODUCT_BUNDLE_IDENTIFIER = com.sylvaindruaux.ImageQuest;
				PRODUCT_NAME = "$(TARGET_NAME)";
				SWIFT_EMIT_LOC_STRINGS = YES;
				SWIFT_VERSION = 5.0;
				TARGETED_DEVICE_FAMILY = "1,2";
			};
			name = Debug;
		};
		E4ABDDA82BBD5625004B8EF1 /* Release */ = {
			isa = XCBuildConfiguration;
			buildSettings = {
				ASSETCATALOG_COMPILER_APPICON_NAME = AppIcon;
				ASSETCATALOG_COMPILER_GLOBAL_ACCENT_COLOR_NAME = AccentColor;
				CODE_SIGN_STYLE = Automatic;
				CURRENT_PROJECT_VERSION = 1;
				DEVELOPMENT_ASSET_PATHS = "\"ImageQuest/Preview Content\"";
				DEVELOPMENT_TEAM = SSZ659U5H9;
				ENABLE_PREVIEWS = YES;
				ENABLE_USER_SCRIPT_SANDBOXING = NO;
				GENERATE_INFOPLIST_FILE = YES;
				INFOPLIST_KEY_UIApplicationSceneManifest_Generation = YES;
				INFOPLIST_KEY_UIApplicationSupportsIndirectInputEvents = YES;
				INFOPLIST_KEY_UILaunchScreen_Generation = YES;
				INFOPLIST_KEY_UISupportedInterfaceOrientations_iPad = "UIInterfaceOrientationPortrait UIInterfaceOrientationPortraitUpsideDown UIInterfaceOrientationLandscapeLeft UIInterfaceOrientationLandscapeRight";
				INFOPLIST_KEY_UISupportedInterfaceOrientations_iPhone = "UIInterfaceOrientationPortrait UIInterfaceOrientationLandscapeLeft UIInterfaceOrientationLandscapeRight";
				LD_RUNPATH_SEARCH_PATHS = (
					"$(inherited)",
					"@executable_path/Frameworks",
				);
				MARKETING_VERSION = 1.0;
				PRODUCT_BUNDLE_IDENTIFIER = com.sylvaindruaux.ImageQuest;
				PRODUCT_NAME = "$(TARGET_NAME)";
				SWIFT_EMIT_LOC_STRINGS = YES;
				SWIFT_VERSION = 5.0;
				TARGETED_DEVICE_FAMILY = "1,2";
			};
			name = Release;
		};
		E4ABDDAA2BBD5625004B8EF1 /* Debug */ = {
			isa = XCBuildConfiguration;
			buildSettings = {
				ALWAYS_EMBED_SWIFT_STANDARD_LIBRARIES = YES;
				BUNDLE_LOADER = "$(TEST_HOST)";
				CODE_SIGN_STYLE = Automatic;
				CURRENT_PROJECT_VERSION = 1;
				DEVELOPMENT_TEAM = SSZ659U5H9;
				GENERATE_INFOPLIST_FILE = YES;
				IPHONEOS_DEPLOYMENT_TARGET = 17.4;
				MARKETING_VERSION = 1.0;
				PRODUCT_BUNDLE_IDENTIFIER = com.sylvaindruaux.ImageQuestTests;
				PRODUCT_NAME = "$(TARGET_NAME)";
				SWIFT_EMIT_LOC_STRINGS = NO;
				SWIFT_VERSION = 5.0;
				TARGETED_DEVICE_FAMILY = "1,2";
				TEST_HOST = "$(BUILT_PRODUCTS_DIR)/ImageQuest.app/$(BUNDLE_EXECUTABLE_FOLDER_PATH)/ImageQuest";
			};
			name = Debug;
		};
		E4ABDDAB2BBD5625004B8EF1 /* Release */ = {
			isa = XCBuildConfiguration;
			buildSettings = {
				ALWAYS_EMBED_SWIFT_STANDARD_LIBRARIES = YES;
				BUNDLE_LOADER = "$(TEST_HOST)";
				CODE_SIGN_STYLE = Automatic;
				CURRENT_PROJECT_VERSION = 1;
				DEVELOPMENT_TEAM = SSZ659U5H9;
				GENERATE_INFOPLIST_FILE = YES;
				IPHONEOS_DEPLOYMENT_TARGET = 17.4;
				MARKETING_VERSION = 1.0;
				PRODUCT_BUNDLE_IDENTIFIER = com.sylvaindruaux.ImageQuestTests;
				PRODUCT_NAME = "$(TARGET_NAME)";
				SWIFT_EMIT_LOC_STRINGS = NO;
				SWIFT_VERSION = 5.0;
				TARGETED_DEVICE_FAMILY = "1,2";
				TEST_HOST = "$(BUILT_PRODUCTS_DIR)/ImageQuest.app/$(BUNDLE_EXECUTABLE_FOLDER_PATH)/ImageQuest";
			};
			name = Release;
		};
		E4ABDDAD2BBD5625004B8EF1 /* Debug */ = {
			isa = XCBuildConfiguration;
			buildSettings = {
				ALWAYS_EMBED_SWIFT_STANDARD_LIBRARIES = YES;
				CODE_SIGN_STYLE = Automatic;
				CURRENT_PROJECT_VERSION = 1;
				DEVELOPMENT_TEAM = SSZ659U5H9;
				GENERATE_INFOPLIST_FILE = YES;
				MARKETING_VERSION = 1.0;
				PRODUCT_BUNDLE_IDENTIFIER = com.sylvaindruaux.ImageQuestUITests;
				PRODUCT_NAME = "$(TARGET_NAME)";
				SWIFT_EMIT_LOC_STRINGS = NO;
				SWIFT_VERSION = 5.0;
				TARGETED_DEVICE_FAMILY = "1,2";
				TEST_TARGET_NAME = ImageQuest;
			};
			name = Debug;
		};
		E4ABDDAE2BBD5625004B8EF1 /* Release */ = {
			isa = XCBuildConfiguration;
			buildSettings = {
				ALWAYS_EMBED_SWIFT_STANDARD_LIBRARIES = YES;
				CODE_SIGN_STYLE = Automatic;
				CURRENT_PROJECT_VERSION = 1;
				DEVELOPMENT_TEAM = SSZ659U5H9;
				GENERATE_INFOPLIST_FILE = YES;
				MARKETING_VERSION = 1.0;
				PRODUCT_BUNDLE_IDENTIFIER = com.sylvaindruaux.ImageQuestUITests;
				PRODUCT_NAME = "$(TARGET_NAME)";
				SWIFT_EMIT_LOC_STRINGS = NO;
				SWIFT_VERSION = 5.0;
				TARGETED_DEVICE_FAMILY = "1,2";
				TEST_TARGET_NAME = ImageQuest;
			};
			name = Release;
		};
/* End XCBuildConfiguration section */

/* Begin XCConfigurationList section */
		E4ABDD7D2BBD5623004B8EF1 /* Build configuration list for PBXProject "ImageQuest" */ = {
			isa = XCConfigurationList;
			buildConfigurations = (
				E4ABDDA42BBD5625004B8EF1 /* Debug */,
				E4ABDDA52BBD5625004B8EF1 /* Release */,
			);
			defaultConfigurationIsVisible = 0;
			defaultConfigurationName = Release;
		};
		E4ABDDA62BBD5625004B8EF1 /* Build configuration list for PBXNativeTarget "ImageQuest" */ = {
			isa = XCConfigurationList;
			buildConfigurations = (
				E4ABDDA72BBD5625004B8EF1 /* Debug */,
				E4ABDDA82BBD5625004B8EF1 /* Release */,
			);
			defaultConfigurationIsVisible = 0;
			defaultConfigurationName = Release;
		};
		E4ABDDA92BBD5625004B8EF1 /* Build configuration list for PBXNativeTarget "ImageQuestTests" */ = {
			isa = XCConfigurationList;
			buildConfigurations = (
				E4ABDDAA2BBD5625004B8EF1 /* Debug */,
				E4ABDDAB2BBD5625004B8EF1 /* Release */,
			);
			defaultConfigurationIsVisible = 0;
			defaultConfigurationName = Release;
		};
		E4ABDDAC2BBD5625004B8EF1 /* Build configuration list for PBXNativeTarget "ImageQuestUITests" */ = {
			isa = XCConfigurationList;
			buildConfigurations = (
				E4ABDDAD2BBD5625004B8EF1 /* Debug */,
				E4ABDDAE2BBD5625004B8EF1 /* Release */,
			);
			defaultConfigurationIsVisible = 0;
			defaultConfigurationName = Release;
		};
/* End XCConfigurationList section */
	};
	rootObject = E4ABDD7A2BBD5623004B8EF1 /* Project object */;
}
