{
  "originHash" : "ab9b5b904f28f895b1d46054d0f0b3f97b167e0e1bea82499f5843cb87a3af12",
  "pins" : [
    {
      "identity" : "swiftui-cached-async-image",
      "kind" : "remoteSourceControl",
      "location" : "https://github.com/lorenzofiamingo/swiftui-cached-async-image",
      "state" : {
        "revision" : "467a3d17479887943ab917a379e62bbaff60ac8a",
        "version" : "2.1.1"
      }
    },
    {
      "identity" : "swiftui-lazycollectionview",
      "kind" : "remoteSourceControl",
      "location" : "https://github.com/unsplash/swiftui-lazycollectionview.git",
      "state" : {
        "revision" : "c705ce063a5d7478b6b5ac282be6daa6f419eb1c",
        "version" : "1.2.0"
      }
    }
  ],
  "version" : 3
}
